
Microsoft Visual Studio Solution File, Format Version 12.00
# Visual Studio 2012
Project("{FAE04EC0-301F-11D3-BF4B-00C04F79EFBC}") = "FairFlights.DataConsumer", "FairFlights.DataConsumer\FairFlights.DataConsumer.csproj", "{35CB1CE6-2CFD-4F8E-83B3-94562EEEDCD9}"
EndProject
Project("{FAE04EC0-301F-11D3-BF4B-00C04F79EFBC}") = "FairFlights.DomainObjects", "FairFlights.DomainObjects\FairFlights.DomainObjects.csproj", "{A32000F8-5005-471D-8135-1D36967A2BB5}"
EndProject
Project("{FAE04EC0-301F-11D3-BF4B-00C04F79EFBC}") = "FairFlights.Configuration", "FairFlights.Configuration\FairFlights.Configuration.csproj", "{F8D435B4-8247-487D-A299-E37A00D85947}"
EndProject
Project("{FAE04EC0-301F-11D3-BF4B-00C04F79EFBC}") = "FairFlights.Common", "FairFlights.Common\FairFlights.Common.csproj", "{507A4BEE-2C02-4DEA-BFE8-F9BF2FCA70BB}"
EndProject
Project("{FAE04EC0-301F-11D3-BF4B-00C04F79EFBC}") = "FairFlights.DomainServices", "FairFlights.DomainServices\FairFlights.DomainServices.csproj", "{2A876335-ED6D-47BD-A187-E5CF9BE80B90}"
EndProject
Project("{FAE04EC0-301F-11D3-BF4B-00C04F79EFBC}") = "FairFlights.Web", "FairFlights.Web\FairFlights.Web.csproj", "{196B590E-CA3E-44F5-A284-68382030837D}"
EndProject
Project("{FAE04EC0-301F-11D3-BF4B-00C04F79EFBC}") = "FairFlights.ViewModels", "FairFlights.ViewModels\FairFlights.ViewModels.csproj", "{4ACE9806-3CB6-4592-BD7D-67F5ABE6CA48}"
EndProject
Global
	GlobalSection(SolutionConfigurationPlatforms) = preSolution
		Debug|Any CPU = Debug|Any CPU
		Release|Any CPU = Release|Any CPU
	EndGlobalSection
	GlobalSection(ProjectConfigurationPlatforms) = postSolution
		{35CB1CE6-2CFD-4F8E-83B3-94562EEEDCD9}.Debug|Any CPU.ActiveCfg = Debug|Any CPU
		{35CB1CE6-2CFD-4F8E-83B3-94562EEEDCD9}.Debug|Any CPU.Build.0 = Debug|Any CPU
		{35CB1CE6-2CFD-4F8E-83B3-94562EEEDCD9}.Release|Any CPU.ActiveCfg = Release|Any CPU
		{35CB1CE6-2CFD-4F8E-83B3-94562EEEDCD9}.Release|Any CPU.Build.0 = Release|Any CPU
		{A32000F8-5005-471D-8135-1D36967A2BB5}.Debug|Any CPU.ActiveCfg = Debug|Any CPU
		{A32000F8-5005-471D-8135-1D36967A2BB5}.Debug|Any CPU.Build.0 = Debug|Any CPU
		{A32000F8-5005-471D-8135-1D36967A2BB5}.Release|Any CPU.ActiveCfg = Release|Any CPU
		{A32000F8-5005-471D-8135-1D36967A2BB5}.Release|Any CPU.Build.0 = Release|Any CPU
		{F8D435B4-8247-487D-A299-E37A00D85947}.Debug|Any CPU.ActiveCfg = Debug|Any CPU
		{F8D435B4-8247-487D-A299-E37A00D85947}.Debug|Any CPU.Build.0 = Debug|Any CPU
		{F8D435B4-8247-487D-A299-E37A00D85947}.Release|Any CPU.ActiveCfg = Release|Any CPU
		{F8D435B4-8247-487D-A299-E37A00D85947}.Release|Any CPU.Build.0 = Release|Any CPU
		{507A4BEE-2C02-4DEA-BFE8-F9BF2FCA70BB}.Debug|Any CPU.ActiveCfg = Debug|Any CPU
		{507A4BEE-2C02-4DEA-BFE8-F9BF2FCA70BB}.Debug|Any CPU.Build.0 = Debug|Any CPU
		{507A4BEE-2C02-4DEA-BFE8-F9BF2FCA70BB}.Release|Any CPU.ActiveCfg = Release|Any CPU
		{507A4BEE-2C02-4DEA-BFE8-F9BF2FCA70BB}.Release|Any CPU.Build.0 = Release|Any CPU
		{2A876335-ED6D-47BD-A187-E5CF9BE80B90}.Debug|Any CPU.ActiveCfg = Debug|Any CPU
		{2A876335-ED6D-47BD-A187-E5CF9BE80B90}.Debug|Any CPU.Build.0 = Debug|Any CPU
		{2A876335-ED6D-47BD-A187-E5CF9BE80B90}.Release|Any CPU.ActiveCfg = Release|Any CPU
		{2A876335-ED6D-47BD-A187-E5CF9BE80B90}.Release|Any CPU.Build.0 = Release|Any CPU
		{196B590E-CA3E-44F5-A284-68382030837D}.Debug|Any CPU.ActiveCfg = Debug|Any CPU
		{196B590E-CA3E-44F5-A284-68382030837D}.Debug|Any CPU.Build.0 = Debug|Any CPU
		{196B590E-CA3E-44F5-A284-68382030837D}.Release|Any CPU.ActiveCfg = Release|Any CPU
		{196B590E-CA3E-44F5-A284-68382030837D}.Release|Any CPU.Build.0 = Release|Any CPU
		{4ACE9806-3CB6-4592-BD7D-67F5ABE6CA48}.Debug|Any CPU.ActiveCfg = Debug|Any CPU
		{4ACE9806-3CB6-4592-BD7D-67F5ABE6CA48}.Debug|Any CPU.Build.0 = Debug|Any CPU
		{4ACE9806-3CB6-4592-BD7D-67F5ABE6CA48}.Release|Any CPU.ActiveCfg = Release|Any CPU
		{4ACE9806-3CB6-4592-BD7D-67F5ABE6CA48}.Release|Any CPU.Build.0 = Release|Any CPU
	EndGlobalSection
	GlobalSection(SolutionProperties) = preSolution
		HideSolutionNode = FALSE
	EndGlobalSection
EndGlobal
